version = 1
revision = 3
requires-python = ">=3.13"

[[package]]
name = "cairocffi"
version = "1.7.1"
source = { registry = "https://pypi.org/simple" }
dependencies = [
    { name = "cffi" },
]
sdist = { url = "https://files.pythonhosted.org/packages/70/c5/1a4dc131459e68a173cbdab5fad6b524f53f9c1ef7861b7698e998b837cc/cairocffi-1.7.1.tar.gz", hash = "sha256:2e48ee864884ec4a3a34bfa8c9ab9999f688286eb714a15a43ec9d068c36557b", size = 88096, upload-time = "2024-06-18T10:56:06.741Z" }
wheels = [
    { url = "https://files.pythonhosted.org/packages/93/d8/ba13451aa6b745c49536e87b6bf8f629b950e84bd0e8308f7dc6883b67e2/cairocffi-1.7.1-py3-none-any.whl", hash = "sha256:9803a0e11f6c962f3b0ae2ec8ba6ae45e957a146a004697a1ac1bbf16b073b3f", size = 75611, upload-time = "2024-06-18T10:55:59.489Z" },
]

[[package]]
name = "cairosvg"
version = "2.8.2"
source = { registry = "https://pypi.org/simple" }
dependencies = [
    { name = "cairocffi" },
    { name = "cssselect2" },
    { name = "defusedxml" },
    { name = "pillow" },
    { name = "tinycss2" },
]
sdist = { url = "https://files.pythonhosted.org/packages/ab/b9/5106168bd43d7cd8b7cc2a2ee465b385f14b63f4c092bb89eee2d48c8e67/cairosvg-2.8.2.tar.gz", hash = "sha256:07cbf4e86317b27a92318a4cac2a4bb37a5e9c1b8a27355d06874b22f85bef9f", size = 8398590, upload-time = "2025-05-15T06:56:32.653Z" }
wheels = [
    { url = "https://files.pythonhosted.org/packages/67/48/816bd4aaae93dbf9e408c58598bc32f4a8c65f4b86ab560864cb3ee60adb/cairosvg-2.8.2-py3-none-any.whl", hash = "sha256:eab46dad4674f33267a671dce39b64be245911c901c70d65d2b7b0821e852bf5", size = 45773, upload-time = "2025-05-15T06:56:28.552Z" },
]

[[package]]
name = "cffi"
version = "1.17.1"
source = { registry = "https://pypi.org/simple" }
dependencies = [
    { name = "pycparser" },
]
sdist = { url = "https://files.pythonhosted.org/packages/fc/97/c783634659c2920c3fc70419e3af40972dbaf758daa229a7d6ea6135c90d/cffi-1.17.1.tar.gz", hash = "sha256:1c39c6016c32bc48dd54561950ebd6836e1670f2ae46128f67cf49e789c52824", size = 516621, upload-time = "2024-09-04T20:45:21.852Z" }
wheels = [
    { url = "https://files.pythonhosted.org/packages/8d/f8/dd6c246b148639254dad4d6803eb6a54e8c85c6e11ec9df2cffa87571dbe/cffi-1.17.1-cp313-cp313-macosx_10_13_x86_64.whl", hash = "sha256:f3a2b4222ce6b60e2e8b337bb9596923045681d71e5a082783484d845390938e", size = 182989, upload-time = "2024-09-04T20:44:28.956Z" },
    { url = "https://files.pythonhosted.org/packages/8b/f1/672d303ddf17c24fc83afd712316fda78dc6fce1cd53011b839483e1ecc8/cffi-1.17.1-cp313-cp313-macosx_11_0_arm64.whl", hash = "sha256:0984a4925a435b1da406122d4d7968dd861c1385afe3b45ba82b750f229811e2", size = 178802, upload-time = "2024-09-04T20:44:30.289Z" },
    { url = "https://files.pythonhosted.org/packages/0e/2d/eab2e858a91fdff70533cab61dcff4a1f55ec60425832ddfdc9cd36bc8af/cffi-1.17.1-cp313-cp313-manylinux_2_12_i686.manylinux2010_i686.manylinux_2_17_i686.manylinux2014_i686.whl", hash = "sha256:d01b12eeeb4427d3110de311e1774046ad344f5b1a7403101878976ecd7a10f3", size = 454792, upload-time = "2024-09-04T20:44:32.01Z" },
    { url = "https://files.pythonhosted.org/packages/75/b2/fbaec7c4455c604e29388d55599b99ebcc250a60050610fadde58932b7ee/cffi-1.17.1-cp313-cp313-manylinux_2_17_aarch64.manylinux2014_aarch64.whl", hash = "sha256:706510fe141c86a69c8ddc029c7910003a17353970cff3b904ff0686a5927683", size = 478893, upload-time = "2024-09-04T20:44:33.606Z" },
    { url = "https://files.pythonhosted.org/packages/4f/b7/6e4a2162178bf1935c336d4da8a9352cccab4d3a5d7914065490f08c0690/cffi-1.17.1-cp313-cp313-manylinux_2_17_ppc64le.manylinux2014_ppc64le.whl", hash = "sha256:de55b766c7aa2e2a3092c51e0483d700341182f08e67c63630d5b6f200bb28e5", size = 485810, upload-time = "2024-09-04T20:44:35.191Z" },
    { url = "https://files.pythonhosted.org/packages/c7/8a/1d0e4a9c26e54746dc08c2c6c037889124d4f59dffd853a659fa545f1b40/cffi-1.17.1-cp313-cp313-manylinux_2_17_s390x.manylinux2014_s390x.whl", hash = "sha256:c59d6e989d07460165cc5ad3c61f9fd8f1b4796eacbd81cee78957842b834af4", size = 471200, upload-time = "2024-09-04T20:44:36.743Z" },
    { url = "https://files.pythonhosted.org/packages/26/9f/1aab65a6c0db35f43c4d1b4f580e8df53914310afc10ae0397d29d697af4/cffi-1.17.1-cp313-cp313-manylinux_2_17_x86_64.manylinux2014_x86_64.whl", hash = "sha256:dd398dbc6773384a17fe0d3e7eeb8d1a21c2200473ee6806bb5e6a8e62bb73dd", size = 479447, upload-time = "2024-09-04T20:44:38.492Z" },
    { url = "https://files.pythonhosted.org/packages/5f/e4/fb8b3dd8dc0e98edf1135ff067ae070bb32ef9d509d6cb0f538cd6f7483f/cffi-1.17.1-cp313-cp313-musllinux_1_1_aarch64.whl", hash = "sha256:3edc8d958eb099c634dace3c7e16560ae474aa3803a5df240542b305d14e14ed", size = 484358, upload-time = "2024-09-04T20:44:40.046Z" },
    { url = "https://files.pythonhosted.org/packages/f1/47/d7145bf2dc04684935d57d67dff9d6d795b2ba2796806bb109864be3a151/cffi-1.17.1-cp313-cp313-musllinux_1_1_x86_64.whl", hash = "sha256:72e72408cad3d5419375fc87d289076ee319835bdfa2caad331e377589aebba9", size = 488469, upload-time = "2024-09-04T20:44:41.616Z" },
    { url = "https://files.pythonhosted.org/packages/bf/ee/f94057fa6426481d663b88637a9a10e859e492c73d0384514a17d78ee205/cffi-1.17.1-cp313-cp313-win32.whl", hash = "sha256:e03eab0a8677fa80d646b5ddece1cbeaf556c313dcfac435ba11f107ba117b5d", size = 172475, upload-time = "2024-09-04T20:44:43.733Z" },
    { url = "https://files.pythonhosted.org/packages/7c/fc/6a8cb64e5f0324877d503c854da15d76c1e50eb722e320b15345c4d0c6de/cffi-1.17.1-cp313-cp313-win_amd64.whl", hash = "sha256:f6a16c31041f09ead72d69f583767292f750d24913dadacf5756b966aacb3f1a", size = 182009, upload-time = "2024-09-04T20:44:45.309Z" },
]

[[package]]
name = "click"
version = "8.1.8"
source = { registry = "https://pypi.org/simple" }
dependencies = [
    { name = "colorama", marker = "sys_platform == 'win32'" },
]
sdist = { url = "https://files.pythonhosted.org/packages/b9/2e/0090cbf739cee7d23781ad4b89a9894a41538e4fcf4c31dcdd705b78eb8b/click-8.1.8.tar.gz", hash = "sha256:ed53c9d8990d83c2a27deae68e4ee337473f6330c040a31d4225c9574d16096a", size = 226593, upload-time = "2024-12-21T18:38:44.339Z" }
wheels = [
    { url = "https://files.pythonhosted.org/packages/7e/d4/7ebdbd03970677812aac39c869717059dbb71a4cfc033ca6e5221787892c/click-8.1.8-py3-none-any.whl", hash = "sha256:63c132bbbed01578a06712a2d1f497bb62d9c1c0d329b7903a866228027263b2", size = 98188, upload-time = "2024-12-21T18:38:41.666Z" },
]

[[package]]
name = "colorama"
version = "0.4.6"
source = { registry = "https://pypi.org/simple" }
sdist = { url = "https://files.pythonhosted.org/packages/d8/53/6f443c9a4a8358a93a6792e2acffb9d9d5cb0a5cfd8802644b7b1c9a02e4/colorama-0.4.6.tar.gz", hash = "sha256:08695f5cb7ed6e0531a20572697297273c47b8cae5a63ffc6d6ed5c201be6e44", size = 27697, upload-time = "2022-10-25T02:36:22.414Z" }
wheels = [
    { url = "https://files.pythonhosted.org/packages/d1/d6/3965ed04c63042e047cb6a3e6ed1a63a35087b6a609aa3a15ed8ac56c221/colorama-0.4.6-py2.py3-none-any.whl", hash = "sha256:4f1d9991f5acc0ca119f9d443620b77f9d6b33703e51011c16baf57afb285fc6", size = 25335, upload-time = "2022-10-25T02:36:20.889Z" },
]

[[package]]
name = "cssselect2"
version = "0.7.0"
source = { registry = "https://pypi.org/simple" }
dependencies = [
    { name = "tinycss2" },
    { name = "webencodings" },
]
sdist = { url = "https://files.pythonhosted.org/packages/e7/fc/326cb6f988905998f09bb54a3f5d98d4462ba119363c0dfad29750d48c09/cssselect2-0.7.0.tar.gz", hash = "sha256:1ccd984dab89fc68955043aca4e1b03e0cf29cad9880f6e28e3ba7a74b14aa5a", size = 35888, upload-time = "2022-09-19T12:55:11.876Z" }
wheels = [
    { url = "https://files.pythonhosted.org/packages/9d/3a/e39436efe51894243ff145a37c4f9a030839b97779ebcc4f13b3ba21c54e/cssselect2-0.7.0-py3-none-any.whl", hash = "sha256:fd23a65bfd444595913f02fc71f6b286c29261e354c41d722ca7a261a49b5969", size = 15586, upload-time = "2022-09-19T12:55:07.56Z" },
]

[[package]]
name = "deepmerge"
version = "2.0"
source = { registry = "https://pypi.org/simple" }
sdist = { url = "https://files.pythonhosted.org/packages/a8/3a/b0ba594708f1ad0bc735884b3ad854d3ca3bdc1d741e56e40bbda6263499/deepmerge-2.0.tar.gz", hash = "sha256:5c3d86081fbebd04dd5de03626a0607b809a98fb6ccba5770b62466fe940ff20", size = 19890, upload-time = "2024-08-30T05:31:50.308Z" }
wheels = [
    { url = "https://files.pythonhosted.org/packages/2d/82/e5d2c1c67d19841e9edc74954c827444ae826978499bde3dfc1d007c8c11/deepmerge-2.0-py3-none-any.whl", hash = "sha256:6de9ce507115cff0bed95ff0ce9ecc31088ef50cbdf09bc90a09349a318b3d00", size = 13475, upload-time = "2024-08-30T05:31:48.659Z" },
]

[[package]]
name = "defusedxml"
version = "0.7.1"
source = { registry = "https://pypi.org/simple" }
sdist = { url = "https://files.pythonhosted.org/packages/0f/d5/c66da9b79e5bdb124974bfe172b4daf3c984ebd9c2a06e2b8a4dc7331c72/defusedxml-0.7.1.tar.gz", hash = "sha256:1bb3032db185915b62d7c6209c5a8792be6a32ab2fedacc84e01b52c51aa3e69", size = 75520, upload-time = "2021-03-08T10:59:26.269Z" }
wheels = [
    { url = "https://files.pythonhosted.org/packages/07/6c/aa3f2f849e01cb6a001cd8554a88d4c77c5c1a31c95bdf1cf9301e6d9ef4/defusedxml-0.7.1-py2.py3-none-any.whl", hash = "sha256:a352e7e428770286cc899e2542b6cdaedb2b4953ff269a210103ec58f6198a61", size = 25604, upload-time = "2021-03-08T10:59:24.45Z" },
]

[[package]]
name = "fredrikaverpil-github-com"
version = "0.1.0"
source = { virtual = "." }
dependencies = [
    { name = "cairosvg" },
    { name = "pillow" },
    { name = "zensical" },
]

[package.metadata]
requires-dist = [
    { name = "cairosvg" },
    { name = "pillow" },
    { name = "zensical" },
]

[[package]]
name = "markdown"
version = "3.7"
source = { registry = "https://pypi.org/simple" }
sdist = { url = "https://files.pythonhosted.org/packages/54/28/3af612670f82f4c056911fbbbb42760255801b3068c48de792d354ff4472/markdown-3.7.tar.gz", hash = "sha256:2ae2471477cfd02dbbf038d5d9bc226d40def84b4fe2986e49b59b6b472bbed2", size = 357086, upload-time = "2024-08-16T15:55:17.812Z" }
wheels = [
    { url = "https://files.pythonhosted.org/packages/3f/08/83871f3c50fc983b88547c196d11cf8c3340e37c32d2e9d6152abe2c61f7/Markdown-3.7-py3-none-any.whl", hash = "sha256:7eb6df5690b81a1d7942992c97fad2938e956e79df20cbc6186e9c3a77b1c803", size = 106349, upload-time = "2024-08-16T15:55:16.176Z" },
]

[[package]]
name = "pillow"
version = "12.0.0"
source = { registry = "https://pypi.org/simple" }
sdist = { url = "https://files.pythonhosted.org/packages/5a/b0/cace85a1b0c9775a9f8f5d5423c8261c858760e2466c79b2dd184638b056/pillow-12.0.0.tar.gz", hash = "sha256:87d4f8125c9988bfbed67af47dd7a953e2fc7b0cc1e7800ec6d2080d490bb353", size = 47008828, upload-time = "2025-10-15T18:24:14.008Z" }
wheels = [
    { url = "https://files.pythonhosted.org/packages/62/f2/de993bb2d21b33a98d031ecf6a978e4b61da207bef02f7b43093774c480d/pillow-12.0.0-cp313-cp313-ios_13_0_arm64_iphoneos.whl", hash = "sha256:0869154a2d0546545cde61d1789a6524319fc1897d9ee31218eae7a60ccc5643", size = 4045493, upload-time = "2025-10-15T18:22:25.758Z" },
    { url = "https://files.pythonhosted.org/packages/0e/b6/bc8d0c4c9f6f111a783d045310945deb769b806d7574764234ffd50bc5ea/pillow-12.0.0-cp313-cp313-ios_13_0_arm64_iphonesimulator.whl", hash = "sha256:a7921c5a6d31b3d756ec980f2f47c0cfdbce0fc48c22a39347a895f41f4a6ea4", size = 4120461, upload-time = "2025-10-15T18:22:27.286Z" },
    { url = "https://files.pythonhosted.org/packages/5d/57/d60d343709366a353dc56adb4ee1e7d8a2cc34e3fbc22905f4167cfec119/pillow-12.0.0-cp313-cp313-ios_13_0_x86_64_iphonesimulator.whl", hash = "sha256:1ee80a59f6ce048ae13cda1abf7fbd2a34ab9ee7d401c46be3ca685d1999a399", size = 3576912, upload-time = "2025-10-15T18:22:28.751Z" },
    { url = "https://files.pythonhosted.org/packages/a4/a4/a0a31467e3f83b94d37568294b01d22b43ae3c5d85f2811769b9c66389dd/pillow-12.0.0-cp313-cp313-macosx_10_13_x86_64.whl", hash = "sha256:c50f36a62a22d350c96e49ad02d0da41dbd17ddc2e29750dbdba4323f85eb4a5", size = 5249132, upload-time = "2025-10-15T18:22:30.641Z" },
    { url = "https://files.pythonhosted.org/packages/83/06/48eab21dd561de2914242711434c0c0eb992ed08ff3f6107a5f44527f5e9/pillow-12.0.0-cp313-cp313-macosx_11_0_arm64.whl", hash = "sha256:5193fde9a5f23c331ea26d0cf171fbf67e3f247585f50c08b3e205c7aeb4589b", size = 4650099, upload-time = "2025-10-15T18:22:32.73Z" },
    { url = "https://files.pythonhosted.org/packages/fc/bd/69ed99fd46a8dba7c1887156d3572fe4484e3f031405fcc5a92e31c04035/pillow-12.0.0-cp313-cp313-manylinux2014_aarch64.manylinux_2_17_aarch64.whl", hash = "sha256:bde737cff1a975b70652b62d626f7785e0480918dece11e8fef3c0cf057351c3", size = 6230808, upload-time = "2025-10-15T18:22:34.337Z" },
    { url = "https://files.pythonhosted.org/packages/ea/94/8fad659bcdbf86ed70099cb60ae40be6acca434bbc8c4c0d4ef356d7e0de/pillow-12.0.0-cp313-cp313-manylinux2014_x86_64.manylinux_2_17_x86_64.whl", hash = "sha256:a6597ff2b61d121172f5844b53f21467f7082f5fb385a9a29c01414463f93b07", size = 8037804, upload-time = "2025-10-15T18:22:36.402Z" },
    { url = "https://files.pythonhosted.org/packages/20/39/c685d05c06deecfd4e2d1950e9a908aa2ca8bc4e6c3b12d93b9cafbd7837/pillow-12.0.0-cp313-cp313-manylinux_2_27_aarch64.manylinux_2_28_aarch64.whl", hash = "sha256:0b817e7035ea7f6b942c13aa03bb554fc44fea70838ea21f8eb31c638326584e", size = 6345553, upload-time = "2025-10-15T18:22:38.066Z" },
    { url = "https://files.pythonhosted.org/packages/38/57/755dbd06530a27a5ed74f8cb0a7a44a21722ebf318edbe67ddbd7fb28f88/pillow-12.0.0-cp313-cp313-manylinux_2_27_x86_64.manylinux_2_28_x86_64.whl", hash = "sha256:f4f1231b7dec408e8670264ce63e9c71409d9583dd21d32c163e25213ee2a344", size = 7037729, upload-time = "2025-10-15T18:22:39.769Z" },
    { url = "https://files.pythonhosted.org/packages/ca/b6/7e94f4c41d238615674d06ed677c14883103dce1c52e4af16f000338cfd7/pillow-12.0.0-cp313-cp313-musllinux_1_2_aarch64.whl", hash = "sha256:6e51b71417049ad6ab14c49608b4a24d8fb3fe605e5dfabfe523b58064dc3d27", size = 6459789, upload-time = "2025-10-15T18:22:41.437Z" },
    { url = "https://files.pythonhosted.org/packages/9c/14/4448bb0b5e0f22dd865290536d20ec8a23b64e2d04280b89139f09a36bb6/pillow-12.0.0-cp313-cp313-musllinux_1_2_x86_64.whl", hash = "sha256:d120c38a42c234dc9a8c5de7ceaaf899cf33561956acb4941653f8bdc657aa79", size = 7130917, upload-time = "2025-10-15T18:22:43.152Z" },
    { url = "https://files.pythonhosted.org/packages/dd/ca/16c6926cc1c015845745d5c16c9358e24282f1e588237a4c36d2b30f182f/pillow-12.0.0-cp313-cp313-win32.whl", hash = "sha256:4cc6b3b2efff105c6a1656cfe59da4fdde2cda9af1c5e0b58529b24525d0a098", size = 6302391, upload-time = "2025-10-15T18:22:44.753Z" },
    { url = "https://files.pythonhosted.org/packages/6d/2a/dd43dcfd6dae9b6a49ee28a8eedb98c7d5ff2de94a5d834565164667b97b/pillow-12.0.0-cp313-cp313-win_amd64.whl", hash = "sha256:4cf7fed4b4580601c4345ceb5d4cbf5a980d030fd5ad07c4d2ec589f95f09905", size = 7007477, upload-time = "2025-10-15T18:22:46.838Z" },
    { url = "https://files.pythonhosted.org/packages/77/f0/72ea067f4b5ae5ead653053212af05ce3705807906ba3f3e8f58ddf617e6/pillow-12.0.0-cp313-cp313-win_arm64.whl", hash = "sha256:9f0b04c6b8584c2c193babcccc908b38ed29524b29dd464bc8801bf10d746a3a", size = 2435918, upload-time = "2025-10-15T18:22:48.399Z" },
    { url = "https://files.pythonhosted.org/packages/f5/5e/9046b423735c21f0487ea6cb5b10f89ea8f8dfbe32576fe052b5ba9d4e5b/pillow-12.0.0-cp313-cp313t-macosx_10_13_x86_64.whl", hash = "sha256:7fa22993bac7b77b78cae22bad1e2a987ddf0d9015c63358032f84a53f23cdc3", size = 5251406, upload-time = "2025-10-15T18:22:49.905Z" },
    { url = "https://files.pythonhosted.org/packages/12/66/982ceebcdb13c97270ef7a56c3969635b4ee7cd45227fa707c94719229c5/pillow-12.0.0-cp313-cp313t-macosx_11_0_arm64.whl", hash = "sha256:f135c702ac42262573fe9714dfe99c944b4ba307af5eb507abef1667e2cbbced", size = 4653218, upload-time = "2025-10-15T18:22:51.587Z" },
    { url = "https://files.pythonhosted.org/packages/16/b3/81e625524688c31859450119bf12674619429cab3119eec0e30a7a1029cb/pillow-12.0.0-cp313-cp313t-manylinux2014_aarch64.manylinux_2_17_aarch64.whl", hash = "sha256:c85de1136429c524e55cfa4e033b4a7940ac5c8ee4d9401cc2d1bf48154bbc7b", size = 6266564, upload-time = "2025-10-15T18:22:53.215Z" },
    { url = "https://files.pythonhosted.org/packages/98/59/dfb38f2a41240d2408096e1a76c671d0a105a4a8471b1871c6902719450c/pillow-12.0.0-cp313-cp313t-manylinux2014_x86_64.manylinux_2_17_x86_64.whl", hash = "sha256:38df9b4bfd3db902c9c2bd369bcacaf9d935b2fff73709429d95cc41554f7b3d", size = 8069260, upload-time = "2025-10-15T18:22:54.933Z" },
    { url = "https://files.pythonhosted.org/packages/dc/3d/378dbea5cd1874b94c312425ca77b0f47776c78e0df2df751b820c8c1d6c/pillow-12.0.0-cp313-cp313t-manylinux_2_27_aarch64.manylinux_2_28_aarch64.whl", hash = "sha256:7d87ef5795da03d742bf49439f9ca4d027cde49c82c5371ba52464aee266699a", size = 6379248, upload-time = "2025-10-15T18:22:56.605Z" },
    { url = "https://files.pythonhosted.org/packages/84/b0/d525ef47d71590f1621510327acec75ae58c721dc071b17d8d652ca494d8/pillow-12.0.0-cp313-cp313t-manylinux_2_27_x86_64.manylinux_2_28_x86_64.whl", hash = "sha256:aff9e4d82d082ff9513bdd6acd4f5bd359f5b2c870907d2b0a9c5e10d40c88fe", size = 7066043, upload-time = "2025-10-15T18:22:58.53Z" },
    { url = "https://files.pythonhosted.org/packages/61/2c/aced60e9cf9d0cde341d54bf7932c9ffc33ddb4a1595798b3a5150c7ec4e/pillow-12.0.0-cp313-cp313t-musllinux_1_2_aarch64.whl", hash = "sha256:8d8ca2b210ada074d57fcee40c30446c9562e542fc46aedc19baf758a93532ee", size = 6490915, upload-time = "2025-10-15T18:23:00.582Z" },
    { url = "https://files.pythonhosted.org/packages/ef/26/69dcb9b91f4e59f8f34b2332a4a0a951b44f547c4ed39d3e4dcfcff48f89/pillow-12.0.0-cp313-cp313t-musllinux_1_2_x86_64.whl", hash = "sha256:99a7f72fb6249302aa62245680754862a44179b545ded638cf1fef59befb57ef", size = 7157998, upload-time = "2025-10-15T18:23:02.627Z" },
    { url = "https://files.pythonhosted.org/packages/61/2b/726235842220ca95fa441ddf55dd2382b52ab5b8d9c0596fe6b3f23dafe8/pillow-12.0.0-cp313-cp313t-win32.whl", hash = "sha256:4078242472387600b2ce8d93ade8899c12bf33fa89e55ec89fe126e9d6d5d9e9", size = 6306201, upload-time = "2025-10-15T18:23:04.709Z" },
    { url = "https://files.pythonhosted.org/packages/c0/3d/2afaf4e840b2df71344ababf2f8edd75a705ce500e5dc1e7227808312ae1/pillow-12.0.0-cp313-cp313t-win_amd64.whl", hash = "sha256:2c54c1a783d6d60595d3514f0efe9b37c8808746a66920315bfd34a938d7994b", size = 7013165, upload-time = "2025-10-15T18:23:06.46Z" },
    { url = "https://files.pythonhosted.org/packages/6f/75/3fa09aa5cf6ed04bee3fa575798ddf1ce0bace8edb47249c798077a81f7f/pillow-12.0.0-cp313-cp313t-win_arm64.whl", hash = "sha256:26d9f7d2b604cd23aba3e9faf795787456ac25634d82cd060556998e39c6fa47", size = 2437834, upload-time = "2025-10-15T18:23:08.194Z" },
    { url = "https://files.pythonhosted.org/packages/54/2a/9a8c6ba2c2c07b71bec92cf63e03370ca5e5f5c5b119b742bcc0cde3f9c5/pillow-12.0.0-cp314-cp314-ios_13_0_arm64_iphoneos.whl", hash = "sha256:beeae3f27f62308f1ddbcfb0690bf44b10732f2ef43758f169d5e9303165d3f9", size = 4045531, upload-time = "2025-10-15T18:23:10.121Z" },
    { url = "https://files.pythonhosted.org/packages/84/54/836fdbf1bfb3d66a59f0189ff0b9f5f666cee09c6188309300df04ad71fa/pillow-12.0.0-cp314-cp314-ios_13_0_arm64_iphonesimulator.whl", hash = "sha256:d4827615da15cd59784ce39d3388275ec093ae3ee8d7f0c089b76fa87af756c2", size = 4120554, upload-time = "2025-10-15T18:23:12.14Z" },
    { url = "https://files.pythonhosted.org/packages/0d/cd/16aec9f0da4793e98e6b54778a5fbce4f375c6646fe662e80600b8797379/pillow-12.0.0-cp314-cp314-ios_13_0_x86_64_iphonesimulator.whl", hash = "sha256:3e42edad50b6909089750e65c91aa09aaf1e0a71310d383f11321b27c224ed8a", size = 3576812, upload-time = "2025-10-15T18:23:13.962Z" },
    { url = "https://files.pythonhosted.org/packages/f6/b7/13957fda356dc46339298b351cae0d327704986337c3c69bb54628c88155/pillow-12.0.0-cp314-cp314-macosx_10_15_x86_64.whl", hash = "sha256:e5d8efac84c9afcb40914ab49ba063d94f5dbdf5066db4482c66a992f47a3a3b", size = 5252689, upload-time = "2025-10-15T18:23:15.562Z" },
    { url = "https://files.pythonhosted.org/packages/fc/f5/eae31a306341d8f331f43edb2e9122c7661b975433de5e447939ae61c5da/pillow-12.0.0-cp314-cp314-macosx_11_0_arm64.whl", hash = "sha256:266cd5f2b63ff316d5a1bba46268e603c9caf5606d44f38c2873c380950576ad", size = 4650186, upload-time = "2025-10-15T18:23:17.379Z" },
    { url = "https://files.pythonhosted.org/packages/86/62/2a88339aa40c4c77e79108facbd307d6091e2c0eb5b8d3cf4977cfca2fe6/pillow-12.0.0-cp314-cp314-manylinux2014_aarch64.manylinux_2_17_aarch64.whl", hash = "sha256:58eea5ebe51504057dd95c5b77d21700b77615ab0243d8152793dc00eb4faf01", size = 6230308, upload-time = "2025-10-15T18:23:18.971Z" },
    { url = "https://files.pythonhosted.org/packages/c7/33/5425a8992bcb32d1cb9fa3dd39a89e613d09a22f2c8083b7bf43c455f760/pillow-12.0.0-cp314-cp314-manylinux2014_x86_64.manylinux_2_17_x86_64.whl", hash = "sha256:f13711b1a5ba512d647a0e4ba79280d3a9a045aaf7e0cc6fbe96b91d4cdf6b0c", size = 8039222, upload-time = "2025-10-15T18:23:20.909Z" },
    { url = "https://files.pythonhosted.org/packages/d8/61/3f5d3b35c5728f37953d3eec5b5f3e77111949523bd2dd7f31a851e50690/pillow-12.0.0-cp314-cp314-manylinux_2_27_aarch64.manylinux_2_28_aarch64.whl", hash = "sha256:6846bd2d116ff42cba6b646edf5bf61d37e5cbd256425fa089fee4ff5c07a99e", size = 6346657, upload-time = "2025-10-15T18:23:23.077Z" },
    { url = "https://files.pythonhosted.org/packages/3a/be/ee90a3d79271227e0f0a33c453531efd6ed14b2e708596ba5dd9be948da3/pillow-12.0.0-cp314-cp314-manylinux_2_27_x86_64.manylinux_2_28_x86_64.whl", hash = "sha256:c98fa880d695de164b4135a52fd2e9cd7b7c90a9d8ac5e9e443a24a95ef9248e", size = 7038482, upload-time = "2025-10-15T18:23:25.005Z" },
    { url = "https://files.pythonhosted.org/packages/44/34/a16b6a4d1ad727de390e9bd9f19f5f669e079e5826ec0f329010ddea492f/pillow-12.0.0-cp314-cp314-musllinux_1_2_aarch64.whl", hash = "sha256:fa3ed2a29a9e9d2d488b4da81dcb54720ac3104a20bf0bd273f1e4648aff5af9", size = 6461416, upload-time = "2025-10-15T18:23:27.009Z" },
    { url = "https://files.pythonhosted.org/packages/b6/39/1aa5850d2ade7d7ba9f54e4e4c17077244ff7a2d9e25998c38a29749eb3f/pillow-12.0.0-cp314-cp314-musllinux_1_2_x86_64.whl", hash = "sha256:d034140032870024e6b9892c692fe2968493790dd57208b2c37e3fb35f6df3ab", size = 7131584, upload-time = "2025-10-15T18:23:29.752Z" },
    { url = "https://files.pythonhosted.org/packages/bf/db/4fae862f8fad0167073a7733973bfa955f47e2cac3dc3e3e6257d10fab4a/pillow-12.0.0-cp314-cp314-win32.whl", hash = "sha256:1b1b133e6e16105f524a8dec491e0586d072948ce15c9b914e41cdadd209052b", size = 6400621, upload-time = "2025-10-15T18:23:32.06Z" },
    { url = "https://files.pythonhosted.org/packages/2b/24/b350c31543fb0107ab2599464d7e28e6f856027aadda995022e695313d94/pillow-12.0.0-cp314-cp314-win_amd64.whl", hash = "sha256:8dc232e39d409036af549c86f24aed8273a40ffa459981146829a324e0848b4b", size = 7142916, upload-time = "2025-10-15T18:23:34.71Z" },
    { url = "https://files.pythonhosted.org/packages/0f/9b/0ba5a6fd9351793996ef7487c4fdbde8d3f5f75dbedc093bb598648fddf0/pillow-12.0.0-cp314-cp314-win_arm64.whl", hash = "sha256:d52610d51e265a51518692045e372a4c363056130d922a7351429ac9f27e70b0", size = 2523836, upload-time = "2025-10-15T18:23:36.967Z" },
    { url = "https://files.pythonhosted.org/packages/f5/7a/ceee0840aebc579af529b523d530840338ecf63992395842e54edc805987/pillow-12.0.0-cp314-cp314t-macosx_10_15_x86_64.whl", hash = "sha256:1979f4566bb96c1e50a62d9831e2ea2d1211761e5662afc545fa766f996632f6", size = 5255092, upload-time = "2025-10-15T18:23:38.573Z" },
    { url = "https://files.pythonhosted.org/packages/44/76/20776057b4bfd1aef4eeca992ebde0f53a4dce874f3ae693d0ec90a4f79b/pillow-12.0.0-cp314-cp314t-macosx_11_0_arm64.whl", hash = "sha256:b2e4b27a6e15b04832fe9bf292b94b5ca156016bbc1ea9c2c20098a0320d6cf6", size = 4653158, upload-time = "2025-10-15T18:23:40.238Z" },
    { url = "https://files.pythonhosted.org/packages/82/3f/d9ff92ace07be8836b4e7e87e6a4c7a8318d47c2f1463ffcf121fc57d9cb/pillow-12.0.0-cp314-cp314t-manylinux2014_aarch64.manylinux_2_17_aarch64.whl", hash = "sha256:fb3096c30df99fd01c7bf8e544f392103d0795b9f98ba71a8054bcbf56b255f1", size = 6267882, upload-time = "2025-10-15T18:23:42.434Z" },
    { url = "https://files.pythonhosted.org/packages/9f/7a/4f7ff87f00d3ad33ba21af78bfcd2f032107710baf8280e3722ceec28cda/pillow-12.0.0-cp314-cp314t-manylinux2014_x86_64.manylinux_2_17_x86_64.whl", hash = "sha256:7438839e9e053ef79f7112c881cef684013855016f928b168b81ed5835f3e75e", size = 8071001, upload-time = "2025-10-15T18:23:44.29Z" },
    { url = "https://files.pythonhosted.org/packages/75/87/fcea108944a52dad8cca0715ae6247e271eb80459364a98518f1e4f480c1/pillow-12.0.0-cp314-cp314t-manylinux_2_27_aarch64.manylinux_2_28_aarch64.whl", hash = "sha256:5d5c411a8eaa2299322b647cd932586b1427367fd3184ffbb8f7a219ea2041ca", size = 6380146, upload-time = "2025-10-15T18:23:46.065Z" },
    { url = "https://files.pythonhosted.org/packages/91/52/0d31b5e571ef5fd111d2978b84603fce26aba1b6092f28e941cb46570745/pillow-12.0.0-cp314-cp314t-manylinux_2_27_x86_64.manylinux_2_28_x86_64.whl", hash = "sha256:d7e091d464ac59d2c7ad8e7e08105eaf9dafbc3883fd7265ffccc2baad6ac925", size = 7067344, upload-time = "2025-10-15T18:23:47.898Z" },
    { url = "https://files.pythonhosted.org/packages/7b/f4/2dd3d721f875f928d48e83bb30a434dee75a2531bca839bb996bb0aa5a91/pillow-12.0.0-cp314-cp314t-musllinux_1_2_aarch64.whl", hash = "sha256:792a2c0be4dcc18af9d4a2dfd8a11a17d5e25274a1062b0ec1c2d79c76f3e7f8", size = 6491864, upload-time = "2025-10-15T18:23:49.607Z" },
    { url = "https://files.pythonhosted.org/packages/30/4b/667dfcf3d61fc309ba5a15b141845cece5915e39b99c1ceab0f34bf1d124/pillow-12.0.0-cp314-cp314t-musllinux_1_2_x86_64.whl", hash = "sha256:afbefa430092f71a9593a99ab6a4e7538bc9eabbf7bf94f91510d3503943edc4", size = 7158911, upload-time = "2025-10-15T18:23:51.351Z" },
    { url = "https://files.pythonhosted.org/packages/a2/2f/16cabcc6426c32218ace36bf0d55955e813f2958afddbf1d391849fee9d1/pillow-12.0.0-cp314-cp314t-win32.whl", hash = "sha256:3830c769decf88f1289680a59d4f4c46c72573446352e2befec9a8512104fa52", size = 6408045, upload-time = "2025-10-15T18:23:53.177Z" },
    { url = "https://files.pythonhosted.org/packages/35/73/e29aa0c9c666cf787628d3f0dcf379f4791fba79f4936d02f8b37165bdf8/pillow-12.0.0-cp314-cp314t-win_amd64.whl", hash = "sha256:905b0365b210c73afb0ebe9101a32572152dfd1c144c7e28968a331b9217b94a", size = 7148282, upload-time = "2025-10-15T18:23:55.316Z" },
    { url = "https://files.pythonhosted.org/packages/c1/70/6b41bdcddf541b437bbb9f47f94d2db5d9ddef6c37ccab8c9107743748a4/pillow-12.0.0-cp314-cp314t-win_arm64.whl", hash = "sha256:99353a06902c2e43b43e8ff74ee65a7d90307d82370604746738a1e0661ccca7", size = 2525630, upload-time = "2025-10-15T18:23:57.149Z" },
]

[[package]]
name = "pycparser"
version = "2.22"
source = { registry = "https://pypi.org/simple" }
sdist = { url = "https://files.pythonhosted.org/packages/1d/b2/31537cf4b1ca988837256c910a668b553fceb8f069bedc4b1c826024b52c/pycparser-2.22.tar.gz", hash = "sha256:491c8be9c040f5390f5bf44a5b07752bd07f56edf992381b05c701439eec10f6", size = 172736, upload-time = "2024-03-30T13:22:22.564Z" }
wheels = [
    { url = "https://files.pythonhosted.org/packages/13/a3/a812df4e2dd5696d1f351d58b8fe16a405b234ad2886a0dab9183fb78109/pycparser-2.22-py3-none-any.whl", hash = "sha256:c3702b6d3dd8c7abc1afa565d7e63d53a1d0bd86cdc24edd75470f4de499cfcc", size = 117552, upload-time = "2024-03-30T13:22:20.476Z" },
]

[[package]]
name = "pygments"
version = "2.19.1"
source = { registry = "https://pypi.org/simple" }
sdist = { url = "https://files.pythonhosted.org/packages/7c/2d/c3338d48ea6cc0feb8446d8e6937e1408088a72a39937982cc6111d17f84/pygments-2.19.1.tar.gz", hash = "sha256:61c16d2a8576dc0649d9f39e089b5f02bcd27fba10d8fb4dcc28173f7a45151f", size = 4968581, upload-time = "2025-01-06T17:26:30.443Z" }
wheels = [
    { url = "https://files.pythonhosted.org/packages/8a/0b/9fcc47d19c48b59121088dd6da2488a49d5f72dacf8262e2790a1d2c7d15/pygments-2.19.1-py3-none-any.whl", hash = "sha256:9ea1544ad55cecf4b8242fab6dd35a93bbce657034b0611ee383099054ab6d8c", size = 1225293, upload-time = "2025-01-06T17:26:25.553Z" },
]

[[package]]
name = "pymdown-extensions"
version = "10.18"
source = { registry = "https://pypi.org/simple" }
dependencies = [
    { name = "markdown" },
    { name = "pyyaml" },
]
sdist = { url = "https://files.pythonhosted.org/packages/d4/95/e4fa281e3f13b3d9c4aaebb21ef44879840325fa418276dd921209a5e9f9/pymdown_extensions-10.18.tar.gz", hash = "sha256:20252abe6367354b24191431617a072ee6be9f68c5afcc74ea5573508a61f9e5", size = 847697, upload-time = "2025-12-07T17:22:12.857Z" }
wheels = [
    { url = "https://files.pythonhosted.org/packages/46/a4/aa2bada4a2fd648f40f19affa55d2c01dc7ff5ea9cffd3dfdeb6114951db/pymdown_extensions-10.18-py3-none-any.whl", hash = "sha256:090bca72be43f7d3186374e23c782899dbef9dc153ef24c59dcd3c346f9ffcae", size = 266703, upload-time = "2025-12-07T17:22:11.22Z" },
]

[[package]]
name = "pyyaml"
version = "6.0.2"
source = { registry = "https://pypi.org/simple" }
sdist = { url = "https://files.pythonhosted.org/packages/54/ed/79a089b6be93607fa5cdaedf301d7dfb23af5f25c398d5ead2525b063e17/pyyaml-6.0.2.tar.gz", hash = "sha256:d584d9ec91ad65861cc08d42e834324ef890a082e591037abe114850ff7bbc3e", size = 130631, upload-time = "2024-08-06T20:33:50.674Z" }
wheels = [
    { url = "https://files.pythonhosted.org/packages/ef/e3/3af305b830494fa85d95f6d95ef7fa73f2ee1cc8ef5b495c7c3269fb835f/PyYAML-6.0.2-cp313-cp313-macosx_10_13_x86_64.whl", hash = "sha256:efdca5630322a10774e8e98e1af481aad470dd62c3170801852d752aa7a783ba", size = 181309, upload-time = "2024-08-06T20:32:43.4Z" },
    { url = "https://files.pythonhosted.org/packages/45/9f/3b1c20a0b7a3200524eb0076cc027a970d320bd3a6592873c85c92a08731/PyYAML-6.0.2-cp313-cp313-macosx_11_0_arm64.whl", hash = "sha256:50187695423ffe49e2deacb8cd10510bc361faac997de9efef88badc3bb9e2d1", size = 171679, upload-time = "2024-08-06T20:32:44.801Z" },
    { url = "https://files.pythonhosted.org/packages/7c/9a/337322f27005c33bcb656c655fa78325b730324c78620e8328ae28b64d0c/PyYAML-6.0.2-cp313-cp313-manylinux_2_17_aarch64.manylinux2014_aarch64.whl", hash = "sha256:0ffe8360bab4910ef1b9e87fb812d8bc0a308b0d0eef8c8f44e0254ab3b07133", size = 733428, upload-time = "2024-08-06T20:32:46.432Z" },
    { url = "https://files.pythonhosted.org/packages/a3/69/864fbe19e6c18ea3cc196cbe5d392175b4cf3d5d0ac1403ec3f2d237ebb5/PyYAML-6.0.2-cp313-cp313-manylinux_2_17_s390x.manylinux2014_s390x.whl", hash = "sha256:17e311b6c678207928d649faa7cb0d7b4c26a0ba73d41e99c4fff6b6c3276484", size = 763361, upload-time = "2024-08-06T20:32:51.188Z" },
    { url = "https://files.pythonhosted.org/packages/04/24/b7721e4845c2f162d26f50521b825fb061bc0a5afcf9a386840f23ea19fa/PyYAML-6.0.2-cp313-cp313-manylinux_2_17_x86_64.manylinux2014_x86_64.whl", hash = "sha256:70b189594dbe54f75ab3a1acec5f1e3faa7e8cf2f1e08d9b561cb41b845f69d5", size = 759523, upload-time = "2024-08-06T20:32:53.019Z" },
    { url = "https://files.pythonhosted.org/packages/2b/b2/e3234f59ba06559c6ff63c4e10baea10e5e7df868092bf9ab40e5b9c56b6/PyYAML-6.0.2-cp313-cp313-musllinux_1_1_aarch64.whl", hash = "sha256:41e4e3953a79407c794916fa277a82531dd93aad34e29c2a514c2c0c5fe971cc", size = 726660, upload-time = "2024-08-06T20:32:54.708Z" },
    { url = "https://files.pythonhosted.org/packages/fe/0f/25911a9f080464c59fab9027482f822b86bf0608957a5fcc6eaac85aa515/PyYAML-6.0.2-cp313-cp313-musllinux_1_1_x86_64.whl", hash = "sha256:68ccc6023a3400877818152ad9a1033e3db8625d899c72eacb5a668902e4d652", size = 751597, upload-time = "2024-08-06T20:32:56.985Z" },
    { url = "https://files.pythonhosted.org/packages/14/0d/e2c3b43bbce3cf6bd97c840b46088a3031085179e596d4929729d8d68270/PyYAML-6.0.2-cp313-cp313-win32.whl", hash = "sha256:bc2fa7c6b47d6bc618dd7fb02ef6fdedb1090ec036abab80d4681424b84c1183", size = 140527, upload-time = "2024-08-06T20:33:03.001Z" },
    { url = "https://files.pythonhosted.org/packages/fa/de/02b54f42487e3d3c6efb3f89428677074ca7bf43aae402517bc7cca949f3/PyYAML-6.0.2-cp313-cp313-win_amd64.whl", hash = "sha256:8388ee1976c416731879ac16da0aff3f63b286ffdd57cdeb95f3f2e085687563", size = 156446, upload-time = "2024-08-06T20:33:04.33Z" },
]

[[package]]
name = "tinycss2"
version = "1.4.0"
source = { registry = "https://pypi.org/simple" }
dependencies = [
    { name = "webencodings" },
]
sdist = { url = "https://files.pythonhosted.org/packages/7a/fd/7a5ee21fd08ff70d3d33a5781c255cbe779659bd03278feb98b19ee550f4/tinycss2-1.4.0.tar.gz", hash = "sha256:10c0972f6fc0fbee87c3edb76549357415e94548c1ae10ebccdea16fb404a9b7", size = 87085, upload-time = "2024-10-24T14:58:29.895Z" }
wheels = [
    { url = "https://files.pythonhosted.org/packages/e6/34/ebdc18bae6aa14fbee1a08b63c015c72b64868ff7dae68808ab500c492e2/tinycss2-1.4.0-py3-none-any.whl", hash = "sha256:3a49cf47b7675da0b15d0c6e1df8df4ebd96e9394bb905a5775adb0d884c5289", size = 26610, upload-time = "2024-10-24T14:58:28.029Z" },
]

[[package]]
name = "webencodings"
version = "0.5.1"
source = { registry = "https://pypi.org/simple" }
sdist = { url = "https://files.pythonhosted.org/packages/0b/02/ae6ceac1baeda530866a85075641cec12989bd8d31af6d5ab4a3e8c92f47/webencodings-0.5.1.tar.gz", hash = "sha256:b36a1c245f2d304965eb4e0a82848379241dc04b865afcc4aab16748587e1923", size = 9721, upload-time = "2017-04-05T20:21:34.189Z" }
wheels = [
    { url = "https://files.pythonhosted.org/packages/f4/24/2a3e3df732393fed8b3ebf2ec078f05546de641fe1b667ee316ec1dcf3b7/webencodings-0.5.1-py2.py3-none-any.whl", hash = "sha256:a0af1213f3c2226497a97e2b3aa01a7e4bee4f403f95be16fc9acd2947514a78", size = 11774, upload-time = "2017-04-05T20:21:32.581Z" },
]

[[package]]
name = "zensical"
version = "0.0.11"
source = { registry = "https://pypi.org/simple" }
dependencies = [
    { name = "click" },
    { name = "deepmerge" },
    { name = "markdown" },
    { name = "pygments" },
    { name = "pymdown-extensions" },
    { name = "pyyaml" },
]
sdist = { url = "https://files.pythonhosted.org/packages/7f/3e/c6e3736362ef16d6a2be0221841717170d0ed7dffd408be4260bbc126edf/zensical-0.0.11.tar.gz", hash = "sha256:4c048779787ebcbdf01c15c69287ca5add5f8661c860ea6302c1ad45606e4b5f", size = 3807996, upload-time = "2025-12-03T13:12:11.398Z" }
wheels = [
    { url = "https://files.pythonhosted.org/packages/fa/29/6344aa39e13abe6dbe70e9d3b32cfb472eb8ae282b18947738da85abab2f/zensical-0.0.11-cp310-abi3-macosx_10_12_x86_64.whl", hash = "sha256:0ef33bf2efdb66e444bb59aff134729ba83b271c2ee034063289cdb5e76b7947", size = 11877948, upload-time = "2025-12-03T13:11:54.937Z" },
    { url = "https://files.pythonhosted.org/packages/ca/67/67e01269531196bf16f819a409de65bd209fd8b2e037fce21bfea751c197/zensical-0.0.11-cp310-abi3-macosx_11_0_arm64.whl", hash = "sha256:8df38c0538eb763a3b3d42f1d179927c0e9b8deec365ff016c00ca71ae287bce", size = 11753580, upload-time = "2025-12-03T13:11:51.319Z" },
    { url = "https://files.pythonhosted.org/packages/dd/80/472fc1f81e6921bea46216302333612037e32ec56143a55bab9732ce01ed/zensical-0.0.11-cp310-abi3-manylinux_2_17_aarch64.manylinux2014_aarch64.whl", hash = "sha256:bc672c3d986829add78e2c8bd0e50dd091ae93c9b7144a9ae02908aea63bb601", size = 12075493, upload-time = "2025-12-03T13:11:39.901Z" },
    { url = "https://files.pythonhosted.org/packages/c9/0d/a38c13533ea0d962c501846a7d2f3c23cc8f74749c45578ddecf2de3a64b/zensical-0.0.11-cp310-abi3-manylinux_2_17_armv7l.manylinux2014_armv7l.whl", hash = "sha256:bfd215bd14724d63e37eff2f0984517b997616cf1fd68059d7c41edfeb695dd3", size = 12049581, upload-time = "2025-12-03T13:11:43.219Z" },
    { url = "https://files.pythonhosted.org/packages/b5/4a/5d63e0f72f8f8e702a18d2b5543d042c2df38a0943c3c3bc468bf72e3d5e/zensical-0.0.11-cp310-abi3-manylinux_2_17_i686.manylinux2014_i686.whl", hash = "sha256:e5c883eaabe82ce733e3a653a28afa901e529574c93a0a51ed2e52801ef064ed", size = 12357849, upload-time = "2025-12-03T13:11:45.724Z" },
    { url = "https://files.pythonhosted.org/packages/40/5e/b47cc18fcf06a5f5d655378cb4a0abc58f5ddc550f1ce929e19f78791e40/zensical-0.0.11-cp310-abi3-manylinux_2_17_x86_64.manylinux2014_x86_64.whl", hash = "sha256:32ea5a572473d0f3187d8abeeb6b1a55acd1b09bfecb153820b57a41232b3109", size = 12129203, upload-time = "2025-12-03T13:11:48.582Z" },
    { url = "https://files.pythonhosted.org/packages/4e/bd/ed0288b3081c5dc6d95f72694515d70c1eeb725e0a5deefdcf0ac6f83d34/zensical-0.0.11-cp310-abi3-musllinux_1_2_aarch64.whl", hash = "sha256:bab3897bb3bf4d3fd81234640590888e95bd7f49070f840e5817b67b25d9cf2f", size = 12254763, upload-time = "2025-12-03T13:12:00.605Z" },
    { url = "https://files.pythonhosted.org/packages/74/cc/f01eda961b4b4a2865caecc438b8b84fd331950dc14e29efe838eb65d7c1/zensical-0.0.11-cp310-abi3-musllinux_1_2_armv7l.whl", hash = "sha256:1744f743d69aa9745570499392ca81962885b90700569ea4564858d01200b1c7", size = 12315291, upload-time = "2025-12-03T13:12:03.435Z" },
    { url = "https://files.pythonhosted.org/packages/eb/d0/5e80aa6cf4b370a1e1c5061efa9f5bcc9fef8d9908f00707f1c3522c6b73/zensical-0.0.11-cp310-abi3-musllinux_1_2_i686.whl", hash = "sha256:fb61bd1d3d864bb36caa277b59c4bcf4431fbd6d8d2914a6b0bb1281f6259e5f", size = 12392259, upload-time = "2025-12-03T13:12:06.035Z" },
    { url = "https://files.pythonhosted.org/packages/60/7f/bfdb3348381b6fa6a2fff80ead94451d128c689038efe6941b017576059e/zensical-0.0.11-cp310-abi3-musllinux_1_2_x86_64.whl", hash = "sha256:bdb776ba9257a0f2a991ce5bd82110a0ca44dfe4342abc545b1e8add12de1ba5", size = 12332689, upload-time = "2025-12-03T13:12:08.892Z" },
    { url = "https://files.pythonhosted.org/packages/02/46/2fdea450d1b9b8fd1765769e9de42962807c7c02b301eece3b98b0871fe0/zensical-0.0.11-cp310-abi3-win32.whl", hash = "sha256:e4bfbc6cc80e3c927d4372bb005460fd731a71966dec3a5e4f61f5aeccb86cc5", size = 11490417, upload-time = "2025-12-03T13:12:15.507Z" },
    { url = "https://files.pythonhosted.org/packages/9d/5d/264f745941d1be9a5333a1601d6260afea6949cebff7fc60d69431ae4eaf/zensical-0.0.11-cp310-abi3-win_amd64.whl", hash = "sha256:d7a206c22ac66bbe885a04a5efa27610c5cc4899c78df1f7e8e9a36d298ec14b", size = 11679205, upload-time = "2025-12-03T13:12:13.264Z" },
]
